
Microsoft Visual Studio Solution File, Format Version 12.00
# Visual Studio Version 16
VisualStudioVersion = 16.0.29215.179
MinimumVisualStudioVersion = 10.0.40219.1
Project("{9A19103F-16F7-4668-BE54-9A1E7A4F7556}") = "Luna", "Luna\Luna.csproj", "{7CF0849B-A234-4559-8376-F88B33B656E1}"
EndProject
Project("{FAE04EC0-301F-11D3-BF4B-00C04F79EFBC}") = "Luna.Tests", "Luna.Tests\Luna.Tests.csproj", "{F773FB38-332B-4542-AFDE-D10BDF2930D4}"
EndProject
Global
	GlobalSection(SolutionConfigurationPlatforms) = preSolution
		Debug|Any CPU = Debug|Any CPU
		Release|Any CPU = Release|Any CPU
	EndGlobalSection
	GlobalSection(ProjectConfigurationPlatforms) = postSolution
		{7CF0849B-A234-4559-8376-F88B33B656E1}.Debug|Any CPU.ActiveCfg = Debug|Any CPU
		{7CF0849B-A234-4559-8376-F88B33B656E1}.Debug|Any CPU.Build.0 = Debug|Any CPU
		{7CF0849B-A234-4559-8376-F88B33B656E1}.Release|Any CPU.ActiveCfg = Release|Any CPU
		{7CF0849B-A234-4559-8376-F88B33B656E1}.Release|Any CPU.Build.0 = Release|Any CPU
		{F773FB38-332B-4542-AFDE-D10BDF2930D4}.Debug|Any CPU.ActiveCfg = Debug|Any CPU
		{F773FB38-332B-4542-AFDE-D10BDF2930D4}.Debug|Any CPU.Build.0 = Debug|Any CPU
		{F773FB38-332B-4542-AFDE-D10BDF2930D4}.Release|Any CPU.ActiveCfg = Release|Any CPU
		{F773FB38-332B-4542-AFDE-D10BDF2930D4}.Release|Any CPU.Build.0 = Release|Any CPU
	EndGlobalSection
	GlobalSection(SolutionProperties) = preSolution
		HideSolutionNode = FALSE
	EndGlobalSection
	GlobalSection(ExtensibilityGlobals) = postSolution
		SolutionGuid = {D315F8F9-24D5-42A4-AD4F-58F5CF70F725}
	EndGlobalSection
EndGlobal
